{
    "_readme": [
        "This file locks the dependencies of your project to a known state",
        "Read more about it at https://getcomposer.org/doc/01-basic-usage.md#installing-dependencies",
        "This file is @generated automatically"
    ],
    "content-hash": "b782a67bc6056b05489c913648fb2b0b",
    "packages": [
        {
            "name": "monetha/payment-plugin-php-sdk",
            "version": "dev-master",
            "source": {
                "type": "git",
                "url": "https://gitlab.com/monetha/payment-plugin-php-sdk.git",
                "reference": "2679f0d74d3d6ad68423ce4e86fc3c3ca171b47c"
            },
            "dist": {
                "type": "zip",
                "url": "https://gitlab.com/api/v4/projects/monetha%2Fpayment-plugin-php-sdk/repository/archive.zip?sha=2679f0d74d3d6ad68423ce4e86fc3c3ca171b47c",
                "reference": "2679f0d74d3d6ad68423ce4e86fc3c3ca171b47c",
                "shasum": ""
            },
            "require": {
                "ext-curl": "*",
                "ext-json": "*"
            },
            "type": "library",
            "autoload": {
                "psr-4": {
                    "Monetha\\": "src/Monetha/"
                }
            },
            "authors": [
                {
                    "name": "Alexander Hitrov",
                    "email": "alexander.hitrov@monetha.io"
                }
            ],
            "time": "2019-04-05T14:40:02+00:00"
        }
    ],
    "packages-dev": [],
    "aliases": [],
    "minimum-stability": "stable",
    "stability-flags": {
        "monetha/payment-plugin-php-sdk": 20
    },
    "prefer-stable": false,
    "prefer-lowest": false,
    "platform": {
        "ext-json": "*"
    },
    "platform-dev": []
}
